
Microsoft Visual Studio Solution File, Format Version 12.00
Project("{2150E333-8FDC-42A3-9474-1A3956D46DE8}") = "Users", "Users", "{6F37BEF1-93B9-4E79-BF03-1F1B895797E9}"
EndProject
Project("{2150E333-8FDC-42A3-9474-1A3956D46DE8}") = "Common", "Common", "{949DFB0D-0707-452F-A820-97F89565CACA}"
EndProject
Project("{2150E333-8FDC-42A3-9474-1A3956D46DE8}") = "src", "src", "{C9777775-04B7-4FA0-AFCE-C0606016A45E}"
EndProject
Project("{FAE04EC0-301F-11D3-BF4B-00C04F79EFBC}") = "WoodenWorkshop.Common.Core", "src\WoodenWorkshop.Common.Core\WoodenWorkshop.Common.Core.csproj", "{8A49B8E0-8C7B-471B-9B7A-CE3879E862DD}"
EndProject
Project("{FAE04EC0-301F-11D3-BF4B-00C04F79EFBC}") = "WoodenWorkshop.Common.EntityFramework", "src\WoodenWorkshop.Common.EntityFramework\WoodenWorkshop.Common.EntityFramework.csproj", "{65C51B83-6369-4343-A919-02AB5C860402}"
EndProject
Project("{FAE04EC0-301F-11D3-BF4B-00C04F79EFBC}") = "WoodenWorkshop.Users.Core", "src\WoodenWorkshop.Users.Core\WoodenWorkshop.Users.Core.csproj", "{06E442CA-97B2-4091-A91B-1DB0E9DAA459}"
EndProject
Project("{FAE04EC0-301F-11D3-BF4B-00C04F79EFBC}") = "WoodenWorkshop.Users.Api", "src\WoodenWorkshop.Users.Api\WoodenWorkshop.Users.Api.csproj", "{299306C9-5763-4036-8A4D-C590A8B1C712}"
EndProject
Project("{2150E333-8FDC-42A3-9474-1A3956D46DE8}") = "Mailing", "Mailing", "{1594CA1D-F6E7-4F43-B5F4-82CDABC98287}"
EndProject
Project("{FAE04EC0-301F-11D3-BF4B-00C04F79EFBC}") = "WoodenWorkshop.Mailing.Core", "src\WoodenWorkshop.Mailing.Core\WoodenWorkshop.Mailing.Core.csproj", "{A8ADD2FF-F840-42BA-AC00-45DA09578BB0}"
EndProject
Project("{FAE04EC0-301F-11D3-BF4B-00C04F79EFBC}") = "WoodenWorkshop.Mailing.Api", "src\WoodenWorkshop.Mailing.Api\WoodenWorkshop.Mailing.Api.csproj", "{D4B75E20-45A9-42F9-8980-501AD2EAE078}"
EndProject
Project("{FAE04EC0-301F-11D3-BF4B-00C04F79EFBC}") = "WoodenWorkshop.Common.Utils", "src\WoodenWorkshop.Common.Utils\WoodenWorkshop.Common.Utils.csproj", "{F9675D5A-F826-4638-B953-1F8BE0D4EDB3}"
EndProject
Project("{2150E333-8FDC-42A3-9474-1A3956D46DE8}") = "Invitations", "Invitations", "{CA220430-C11E-4B60-ABBE-3A55C1D9DA9C}"
EndProject
Project("{FAE04EC0-301F-11D3-BF4B-00C04F79EFBC}") = "WoodenWorkshop.Invitations.Core", "src\WoodenWorkshop.Invitations.Core\WoodenWorkshop.Invitations.Core.csproj", "{BF44F5B9-8529-4606-BE2C-FB8C6F852C64}"
EndProject
Project("{FAE04EC0-301F-11D3-BF4B-00C04F79EFBC}") = "WoodenWorkshop.Invitations.Infrastructure", "src\WoodenWorkshop.Invitations.Infrastructure\WoodenWorkshop.Invitations.Infrastructure.csproj", "{F6458F54-EE62-45BA-81B3-737C0667A7F0}"
EndProject
Project("{2150E333-8FDC-42A3-9474-1A3956D46DE8}") = "Passwords", "Passwords", "{25DB3233-BA0E-4799-8E23-0ED9396AB678}"
EndProject
Project("{FAE04EC0-301F-11D3-BF4B-00C04F79EFBC}") = "WoodenWorkshop.Passwords.Core", "src\WoodenWorkshop.Passwords.Core\WoodenWorkshop.Passwords.Core.csproj", "{A90641FB-FA43-4966-B16E-260190F29DA9}"
EndProject
Project("{FAE04EC0-301F-11D3-BF4B-00C04F79EFBC}") = "WoodenWorkshop.Passwords.Infrastructure", "src\WoodenWorkshop.Passwords.Infrastructure\WoodenWorkshop.Passwords.Infrastructure.csproj", "{5C4C7A48-95D3-46D4-A75B-AE801FF75471}"
EndProject
Project("{FAE04EC0-301F-11D3-BF4B-00C04F79EFBC}") = "WoodenWorkshop.Passwords.Api", "src\WoodenWorkshop.Passwords.Api\WoodenWorkshop.Passwords.Api.csproj", "{8DF6B403-FED0-4301-B8A7-2836B5F8D209}"
EndProject
Project("{FAE04EC0-301F-11D3-BF4B-00C04F79EFBC}") = "WoodenWorkshop.Invitations.Api", "src\WoodenWorkshop.Invitations.Api\WoodenWorkshop.Invitations.Api.csproj", "{4F206D8F-80BE-42BA-9944-644D33BCB170}"
EndProject
Project("{2150E333-8FDC-42A3-9474-1A3956D46DE8}") = "PublicApi", "PublicApi", "{B64050B3-C1EE-4585-A298-97B8CA1A6C6D}"
EndProject
Project("{FAE04EC0-301F-11D3-BF4B-00C04F79EFBC}") = "WoodenWorkshop.PublicApi.Web", "src\WoodenWorkshop.PublicApi.Web\WoodenWorkshop.PublicApi.Web.csproj", "{A8BA19F9-47FC-4874-B87E-B47CD3F49262}"
EndProject
Project("{2150E333-8FDC-42A3-9474-1A3956D46DE8}") = "Sessions", "Sessions", "{9DF81135-8663-43B6-B4E6-C955EDABF6F3}"
EndProject
Project("{FAE04EC0-301F-11D3-BF4B-00C04F79EFBC}") = "WoodenWorkshop.Sessions.Core", "src\WoodenWorkshop.Sessions.Core\WoodenWorkshop.Sessions.Core.csproj", "{AE7023FD-8ED8-4B26-8D97-4B55628ED7DF}"
EndProject
Project("{FAE04EC0-301F-11D3-BF4B-00C04F79EFBC}") = "WoodenWorkshop.Sessions.Infrastructure", "src\WoodenWorkshop.Sessions.Infrastructure\WoodenWorkshop.Sessions.Infrastructure.csproj", "{A14AA1E3-5615-4D1C-AF53-0F0FDE640E60}"
EndProject
Project("{FAE04EC0-301F-11D3-BF4B-00C04F79EFBC}") = "WoodenWorkshop.Sessions.Api", "src\WoodenWorkshop.Sessions.Api\WoodenWorkshop.Sessions.Api.csproj", "{C93F51A3-8438-446D-B19E-494971211FE6}"
EndProject
Project("{FAE04EC0-301F-11D3-BF4B-00C04F79EFBC}") = "WoodenWorkshop.PublicApi.Web.Infrastructure", "src\WoodenWorkshop.PublicApi.Web.Infrastructure\WoodenWorkshop.PublicApi.Web.Infrastructure.csproj", "{88394F49-B1FE-4D2B-BA4E-4238C8112213}"
EndProject
Project("{FAE04EC0-301F-11D3-BF4B-00C04F79EFBC}") = "WoodenWorkshop.PublicApi.Web.Core", "src\WoodenWorkshop.PublicApi.Web.Core\WoodenWorkshop.PublicApi.Web.Core.csproj", "{07480DD6-2A40-4147-B99B-38A5DE00C1F5}"
EndProject
Project("{2150E333-8FDC-42A3-9474-1A3956D46DE8}") = "Assets", "Assets", "{4F4F3924-51F5-4D2A-9722-B824B51A087A}"
EndProject
Project("{FAE04EC0-301F-11D3-BF4B-00C04F79EFBC}") = "WoodenWorkshop.Assets.Core", "src\WoodenWorkshop.Assets.Core\WoodenWorkshop.Assets.Core.csproj", "{DDEF1321-279A-4409-AA97-B31355BBB5E6}"
EndProject
Project("{FAE04EC0-301F-11D3-BF4B-00C04F79EFBC}") = "WoodenWorkshop.Assets.Infrastructure", "src\WoodenWorkshop.Assets.Infrastructure\WoodenWorkshop.Assets.Infrastructure.csproj", "{BF299AAC-7089-41F6-B93C-994A0EF7F7C0}"
EndProject
Project("{FAE04EC0-301F-11D3-BF4B-00C04F79EFBC}") = "WoodenWorkshop.Assets.Api", "src\WoodenWorkshop.Assets.Api\WoodenWorkshop.Assets.Api.csproj", "{3CB2C16D-0F63-4818-91D9-2B129F057ED0}"
EndProject
Global
	GlobalSection(SolutionConfigurationPlatforms) = preSolution
		Debug|Any CPU = Debug|Any CPU
		Release|Any CPU = Release|Any CPU
	EndGlobalSection
	GlobalSection(NestedProjects) = preSolution
		{6F37BEF1-93B9-4E79-BF03-1F1B895797E9} = {C9777775-04B7-4FA0-AFCE-C0606016A45E}
		{949DFB0D-0707-452F-A820-97F89565CACA} = {C9777775-04B7-4FA0-AFCE-C0606016A45E}
		{8A49B8E0-8C7B-471B-9B7A-CE3879E862DD} = {949DFB0D-0707-452F-A820-97F89565CACA}
		{65C51B83-6369-4343-A919-02AB5C860402} = {949DFB0D-0707-452F-A820-97F89565CACA}
		{06E442CA-97B2-4091-A91B-1DB0E9DAA459} = {6F37BEF1-93B9-4E79-BF03-1F1B895797E9}
		{299306C9-5763-4036-8A4D-C590A8B1C712} = {6F37BEF1-93B9-4E79-BF03-1F1B895797E9}
		{1594CA1D-F6E7-4F43-B5F4-82CDABC98287} = {C9777775-04B7-4FA0-AFCE-C0606016A45E}
		{A8ADD2FF-F840-42BA-AC00-45DA09578BB0} = {1594CA1D-F6E7-4F43-B5F4-82CDABC98287}
		{D4B75E20-45A9-42F9-8980-501AD2EAE078} = {1594CA1D-F6E7-4F43-B5F4-82CDABC98287}
		{F9675D5A-F826-4638-B953-1F8BE0D4EDB3} = {949DFB0D-0707-452F-A820-97F89565CACA}
		{CA220430-C11E-4B60-ABBE-3A55C1D9DA9C} = {C9777775-04B7-4FA0-AFCE-C0606016A45E}
		{BF44F5B9-8529-4606-BE2C-FB8C6F852C64} = {CA220430-C11E-4B60-ABBE-3A55C1D9DA9C}
		{F6458F54-EE62-45BA-81B3-737C0667A7F0} = {CA220430-C11E-4B60-ABBE-3A55C1D9DA9C}
		{25DB3233-BA0E-4799-8E23-0ED9396AB678} = {C9777775-04B7-4FA0-AFCE-C0606016A45E}
		{A90641FB-FA43-4966-B16E-260190F29DA9} = {25DB3233-BA0E-4799-8E23-0ED9396AB678}
		{5C4C7A48-95D3-46D4-A75B-AE801FF75471} = {25DB3233-BA0E-4799-8E23-0ED9396AB678}
		{8DF6B403-FED0-4301-B8A7-2836B5F8D209} = {25DB3233-BA0E-4799-8E23-0ED9396AB678}
		{4F206D8F-80BE-42BA-9944-644D33BCB170} = {CA220430-C11E-4B60-ABBE-3A55C1D9DA9C}
		{B64050B3-C1EE-4585-A298-97B8CA1A6C6D} = {C9777775-04B7-4FA0-AFCE-C0606016A45E}
		{A8BA19F9-47FC-4874-B87E-B47CD3F49262} = {B64050B3-C1EE-4585-A298-97B8CA1A6C6D}
		{9DF81135-8663-43B6-B4E6-C955EDABF6F3} = {C9777775-04B7-4FA0-AFCE-C0606016A45E}
		{AE7023FD-8ED8-4B26-8D97-4B55628ED7DF} = {9DF81135-8663-43B6-B4E6-C955EDABF6F3}
		{A14AA1E3-5615-4D1C-AF53-0F0FDE640E60} = {9DF81135-8663-43B6-B4E6-C955EDABF6F3}
		{C93F51A3-8438-446D-B19E-494971211FE6} = {9DF81135-8663-43B6-B4E6-C955EDABF6F3}
		{88394F49-B1FE-4D2B-BA4E-4238C8112213} = {B64050B3-C1EE-4585-A298-97B8CA1A6C6D}
		{07480DD6-2A40-4147-B99B-38A5DE00C1F5} = {B64050B3-C1EE-4585-A298-97B8CA1A6C6D}
		{4F4F3924-51F5-4D2A-9722-B824B51A087A} = {C9777775-04B7-4FA0-AFCE-C0606016A45E}
		{DDEF1321-279A-4409-AA97-B31355BBB5E6} = {4F4F3924-51F5-4D2A-9722-B824B51A087A}
		{BF299AAC-7089-41F6-B93C-994A0EF7F7C0} = {4F4F3924-51F5-4D2A-9722-B824B51A087A}
		{3CB2C16D-0F63-4818-91D9-2B129F057ED0} = {4F4F3924-51F5-4D2A-9722-B824B51A087A}
	EndGlobalSection
	GlobalSection(ProjectConfigurationPlatforms) = postSolution
		{8A49B8E0-8C7B-471B-9B7A-CE3879E862DD}.Debug|Any CPU.ActiveCfg = Debug|Any CPU
		{8A49B8E0-8C7B-471B-9B7A-CE3879E862DD}.Debug|Any CPU.Build.0 = Debug|Any CPU
		{8A49B8E0-8C7B-471B-9B7A-CE3879E862DD}.Release|Any CPU.ActiveCfg = Release|Any CPU
		{8A49B8E0-8C7B-471B-9B7A-CE3879E862DD}.Release|Any CPU.Build.0 = Release|Any CPU
		{65C51B83-6369-4343-A919-02AB5C860402}.Debug|Any CPU.ActiveCfg = Debug|Any CPU
		{65C51B83-6369-4343-A919-02AB5C860402}.Debug|Any CPU.Build.0 = Debug|Any CPU
		{65C51B83-6369-4343-A919-02AB5C860402}.Release|Any CPU.ActiveCfg = Release|Any CPU
		{65C51B83-6369-4343-A919-02AB5C860402}.Release|Any CPU.Build.0 = Release|Any CPU
		{06E442CA-97B2-4091-A91B-1DB0E9DAA459}.Debug|Any CPU.ActiveCfg = Debug|Any CPU
		{06E442CA-97B2-4091-A91B-1DB0E9DAA459}.Debug|Any CPU.Build.0 = Debug|Any CPU
		{06E442CA-97B2-4091-A91B-1DB0E9DAA459}.Release|Any CPU.ActiveCfg = Release|Any CPU
		{06E442CA-97B2-4091-A91B-1DB0E9DAA459}.Release|Any CPU.Build.0 = Release|Any CPU
		{299306C9-5763-4036-8A4D-C590A8B1C712}.Debug|Any CPU.ActiveCfg = Debug|Any CPU
		{299306C9-5763-4036-8A4D-C590A8B1C712}.Debug|Any CPU.Build.0 = Debug|Any CPU
		{299306C9-5763-4036-8A4D-C590A8B1C712}.Release|Any CPU.ActiveCfg = Release|Any CPU
		{299306C9-5763-4036-8A4D-C590A8B1C712}.Release|Any CPU.Build.0 = Release|Any CPU
		{A8ADD2FF-F840-42BA-AC00-45DA09578BB0}.Debug|Any CPU.ActiveCfg = Debug|Any CPU
		{A8ADD2FF-F840-42BA-AC00-45DA09578BB0}.Debug|Any CPU.Build.0 = Debug|Any CPU
		{A8ADD2FF-F840-42BA-AC00-45DA09578BB0}.Release|Any CPU.ActiveCfg = Release|Any CPU
		{A8ADD2FF-F840-42BA-AC00-45DA09578BB0}.Release|Any CPU.Build.0 = Release|Any CPU
		{D4B75E20-45A9-42F9-8980-501AD2EAE078}.Debug|Any CPU.ActiveCfg = Debug|Any CPU
		{D4B75E20-45A9-42F9-8980-501AD2EAE078}.Debug|Any CPU.Build.0 = Debug|Any CPU
		{D4B75E20-45A9-42F9-8980-501AD2EAE078}.Release|Any CPU.ActiveCfg = Release|Any CPU
		{D4B75E20-45A9-42F9-8980-501AD2EAE078}.Release|Any CPU.Build.0 = Release|Any CPU
		{F9675D5A-F826-4638-B953-1F8BE0D4EDB3}.Debug|Any CPU.ActiveCfg = Debug|Any CPU
		{F9675D5A-F826-4638-B953-1F8BE0D4EDB3}.Debug|Any CPU.Build.0 = Debug|Any CPU
		{F9675D5A-F826-4638-B953-1F8BE0D4EDB3}.Release|Any CPU.ActiveCfg = Release|Any CPU
		{F9675D5A-F826-4638-B953-1F8BE0D4EDB3}.Release|Any CPU.Build.0 = Release|Any CPU
		{BF44F5B9-8529-4606-BE2C-FB8C6F852C64}.Debug|Any CPU.ActiveCfg = Debug|Any CPU
		{BF44F5B9-8529-4606-BE2C-FB8C6F852C64}.Debug|Any CPU.Build.0 = Debug|Any CPU
		{BF44F5B9-8529-4606-BE2C-FB8C6F852C64}.Release|Any CPU.ActiveCfg = Release|Any CPU
		{BF44F5B9-8529-4606-BE2C-FB8C6F852C64}.Release|Any CPU.Build.0 = Release|Any CPU
		{F6458F54-EE62-45BA-81B3-737C0667A7F0}.Debug|Any CPU.ActiveCfg = Debug|Any CPU
		{F6458F54-EE62-45BA-81B3-737C0667A7F0}.Debug|Any CPU.Build.0 = Debug|Any CPU
		{F6458F54-EE62-45BA-81B3-737C0667A7F0}.Release|Any CPU.ActiveCfg = Release|Any CPU
		{F6458F54-EE62-45BA-81B3-737C0667A7F0}.Release|Any CPU.Build.0 = Release|Any CPU
		{A90641FB-FA43-4966-B16E-260190F29DA9}.Debug|Any CPU.ActiveCfg = Debug|Any CPU
		{A90641FB-FA43-4966-B16E-260190F29DA9}.Debug|Any CPU.Build.0 = Debug|Any CPU
		{A90641FB-FA43-4966-B16E-260190F29DA9}.Release|Any CPU.ActiveCfg = Release|Any CPU
		{A90641FB-FA43-4966-B16E-260190F29DA9}.Release|Any CPU.Build.0 = Release|Any CPU
		{5C4C7A48-95D3-46D4-A75B-AE801FF75471}.Debug|Any CPU.ActiveCfg = Debug|Any CPU
		{5C4C7A48-95D3-46D4-A75B-AE801FF75471}.Debug|Any CPU.Build.0 = Debug|Any CPU
		{5C4C7A48-95D3-46D4-A75B-AE801FF75471}.Release|Any CPU.ActiveCfg = Release|Any CPU
		{5C4C7A48-95D3-46D4-A75B-AE801FF75471}.Release|Any CPU.Build.0 = Release|Any CPU
		{8DF6B403-FED0-4301-B8A7-2836B5F8D209}.Debug|Any CPU.ActiveCfg = Debug|Any CPU
		{8DF6B403-FED0-4301-B8A7-2836B5F8D209}.Debug|Any CPU.Build.0 = Debug|Any CPU
		{8DF6B403-FED0-4301-B8A7-2836B5F8D209}.Release|Any CPU.ActiveCfg = Release|Any CPU
		{8DF6B403-FED0-4301-B8A7-2836B5F8D209}.Release|Any CPU.Build.0 = Release|Any CPU
		{4F206D8F-80BE-42BA-9944-644D33BCB170}.Debug|Any CPU.ActiveCfg = Debug|Any CPU
		{4F206D8F-80BE-42BA-9944-644D33BCB170}.Debug|Any CPU.Build.0 = Debug|Any CPU
		{4F206D8F-80BE-42BA-9944-644D33BCB170}.Release|Any CPU.ActiveCfg = Release|Any CPU
		{4F206D8F-80BE-42BA-9944-644D33BCB170}.Release|Any CPU.Build.0 = Release|Any CPU
		{A8BA19F9-47FC-4874-B87E-B47CD3F49262}.Debug|Any CPU.ActiveCfg = Debug|Any CPU
		{A8BA19F9-47FC-4874-B87E-B47CD3F49262}.Debug|Any CPU.Build.0 = Debug|Any CPU
		{A8BA19F9-47FC-4874-B87E-B47CD3F49262}.Release|Any CPU.ActiveCfg = Release|Any CPU
		{A8BA19F9-47FC-4874-B87E-B47CD3F49262}.Release|Any CPU.Build.0 = Release|Any CPU
		{AE7023FD-8ED8-4B26-8D97-4B55628ED7DF}.Debug|Any CPU.ActiveCfg = Debug|Any CPU
		{AE7023FD-8ED8-4B26-8D97-4B55628ED7DF}.Debug|Any CPU.Build.0 = Debug|Any CPU
		{AE7023FD-8ED8-4B26-8D97-4B55628ED7DF}.Release|Any CPU.ActiveCfg = Release|Any CPU
		{AE7023FD-8ED8-4B26-8D97-4B55628ED7DF}.Release|Any CPU.Build.0 = Release|Any CPU
		{A14AA1E3-5615-4D1C-AF53-0F0FDE640E60}.Debug|Any CPU.ActiveCfg = Debug|Any CPU
		{A14AA1E3-5615-4D1C-AF53-0F0FDE640E60}.Debug|Any CPU.Build.0 = Debug|Any CPU
		{A14AA1E3-5615-4D1C-AF53-0F0FDE640E60}.Release|Any CPU.ActiveCfg = Release|Any CPU
		{A14AA1E3-5615-4D1C-AF53-0F0FDE640E60}.Release|Any CPU.Build.0 = Release|Any CPU
		{C93F51A3-8438-446D-B19E-494971211FE6}.Debug|Any CPU.ActiveCfg = Debug|Any CPU
		{C93F51A3-8438-446D-B19E-494971211FE6}.Debug|Any CPU.Build.0 = Debug|Any CPU
		{C93F51A3-8438-446D-B19E-494971211FE6}.Release|Any CPU.ActiveCfg = Release|Any CPU
		{C93F51A3-8438-446D-B19E-494971211FE6}.Release|Any CPU.Build.0 = Release|Any CPU
		{88394F49-B1FE-4D2B-BA4E-4238C8112213}.Debug|Any CPU.ActiveCfg = Debug|Any CPU
		{88394F49-B1FE-4D2B-BA4E-4238C8112213}.Debug|Any CPU.Build.0 = Debug|Any CPU
		{88394F49-B1FE-4D2B-BA4E-4238C8112213}.Release|Any CPU.ActiveCfg = Release|Any CPU
		{88394F49-B1FE-4D2B-BA4E-4238C8112213}.Release|Any CPU.Build.0 = Release|Any CPU
		{07480DD6-2A40-4147-B99B-38A5DE00C1F5}.Debug|Any CPU.ActiveCfg = Debug|Any CPU
		{07480DD6-2A40-4147-B99B-38A5DE00C1F5}.Debug|Any CPU.Build.0 = Debug|Any CPU
		{07480DD6-2A40-4147-B99B-38A5DE00C1F5}.Release|Any CPU.ActiveCfg = Release|Any CPU
		{07480DD6-2A40-4147-B99B-38A5DE00C1F5}.Release|Any CPU.Build.0 = Release|Any CPU
		{DDEF1321-279A-4409-AA97-B31355BBB5E6}.Debug|Any CPU.ActiveCfg = Debug|Any CPU
		{DDEF1321-279A-4409-AA97-B31355BBB5E6}.Debug|Any CPU.Build.0 = Debug|Any CPU
		{DDEF1321-279A-4409-AA97-B31355BBB5E6}.Release|Any CPU.ActiveCfg = Release|Any CPU
		{DDEF1321-279A-4409-AA97-B31355BBB5E6}.Release|Any CPU.Build.0 = Release|Any CPU
		{BF299AAC-7089-41F6-B93C-994A0EF7F7C0}.Debug|Any CPU.ActiveCfg = Debug|Any CPU
		{BF299AAC-7089-41F6-B93C-994A0EF7F7C0}.Debug|Any CPU.Build.0 = Debug|Any CPU
		{BF299AAC-7089-41F6-B93C-994A0EF7F7C0}.Release|Any CPU.ActiveCfg = Release|Any CPU
		{BF299AAC-7089-41F6-B93C-994A0EF7F7C0}.Release|Any CPU.Build.0 = Release|Any CPU
		{3CB2C16D-0F63-4818-91D9-2B129F057ED0}.Debug|Any CPU.ActiveCfg = Debug|Any CPU
		{3CB2C16D-0F63-4818-91D9-2B129F057ED0}.Debug|Any CPU.Build.0 = Debug|Any CPU
		{3CB2C16D-0F63-4818-91D9-2B129F057ED0}.Release|Any CPU.ActiveCfg = Release|Any CPU
		{3CB2C16D-0F63-4818-91D9-2B129F057ED0}.Release|Any CPU.Build.0 = Release|Any CPU
	EndGlobalSection
EndGlobal
